
Microsoft Visual Studio Solution File, Format Version 12.00
# Visual Studio Version 16
VisualStudioVersion = 16.0.29806.167
MinimumVisualStudioVersion = 10.0.40219.1
Project("{FAE04EC0-301F-11D3-BF4B-00C04F79EFBC}") = "AsuTest", "AsuTest\AsuTest.csproj", "{B0B7C5C0-9820-41DB-B57C-A9FD12813770}"
EndProject
Global
	GlobalSection(SolutionConfigurationPlatforms) = preSolution
		Debug|Any CPU = Debug|Any CPU
		Release|Any CPU = Release|Any CPU
	EndGlobalSection
	GlobalSection(ProjectConfigurationPlatforms) = postSolution
		{B0B7C5C0-9820-41DB-B57C-A9FD12813770}.Debug|Any CPU.ActiveCfg = Debug|Any CPU
		{B0B7C5C0-9820-41DB-B57C-A9FD12813770}.Debug|Any CPU.Build.0 = Debug|Any CPU
		{B0B7C5C0-9820-41DB-B57C-A9FD12813770}.Release|Any CPU.ActiveCfg = Release|Any CPU
		{B0B7C5C0-9820-41DB-B57C-A9FD12813770}.Release|Any CPU.Build.0 = Release|Any CPU
	EndGlobalSection
	GlobalSection(SolutionProperties) = preSolution
		HideSolutionNode = FALSE
	EndGlobalSection
	GlobalSection(ExtensibilityGlobals) = postSolution
		SolutionGuid = {A1EF2145-F63A-4F14-ABEB-F832B7916045}
	EndGlobalSection
EndGlobal
